
Microsoft Visual Studio Solution File, Format Version 12.00
# Visual Studio 15
VisualStudioVersion = 15.0.28307.271
MinimumVisualStudioVersion = 10.0.40219.1
Project("{FAE04EC0-301F-11D3-BF4B-00C04F79EFBC}") = "Laboration3", "Laboration3\Laboration3.csproj", "{7DABEDE7-2C7C-48CD-8402-DC10F54A5410}"
EndProject
Global
	GlobalSection(SolutionConfigurationPlatforms) = preSolution
		Debug|Any CPU = Debug|Any CPU
		Release|Any CPU = Release|Any CPU
	EndGlobalSection
	GlobalSection(ProjectConfigurationPlatforms) = postSolution
		{7DABEDE7-2C7C-48CD-8402-DC10F54A5410}.Debug|Any CPU.ActiveCfg = Debug|Any CPU
		{7DABEDE7-2C7C-48CD-8402-DC10F54A5410}.Debug|Any CPU.Build.0 = Debug|Any CPU
		{7DABEDE7-2C7C-48CD-8402-DC10F54A5410}.Release|Any CPU.ActiveCfg = Release|Any CPU
		{7DABEDE7-2C7C-48CD-8402-DC10F54A5410}.Release|Any CPU.Build.0 = Release|Any CPU
	EndGlobalSection
	GlobalSection(SolutionProperties) = preSolution
		HideSolutionNode = FALSE
	EndGlobalSection
	GlobalSection(ExtensibilityGlobals) = postSolution
		SolutionGuid = {5E43B2A4-AF89-4237-A2C7-4D8276C83CA2}
	EndGlobalSection
EndGlobal
